github.com/huavanthong/design-patterns v0.0.0-20230303073354-199ffdaa5563 h1:xXmvtJU+JrEbbAlQeGrGzI2vTmJx6xBZFEPz497APhE=
github.com/huavanthong/design-patterns/SoftwareArchitecture/Patterns/EBI/Rectangle v0.0.0-20230304090749-dff7e4cbaa6f h1:7Im+6Sjkz+4Gh3p/MRAFxOx35SrVoyRCKyEMnfExq5w=
github.com/huavanthong/design-patterns/SoftwareArchitecture/Patterns/EBI/Rectangle v0.0.0-20230304090749-dff7e4cbaa6f/go.mod h1:5n0UDM+D50HDRxPYA7tMqUn6XhbHdCG6xte4SC5PUB8=
